// !$*UTF8*$!
{
	archiveVersion = 1;
	classes = {
	};
	objectVersion = 46;
	objects = {

/* Begin PBXBuildFile section */
		67376AF65C3216714CD590BB /* Pods_flix_ios.framework in Frameworks */ = {isa = PBXBuildFile; fileRef = 65C96E107E83B24F7C0520C0 /* Pods_flix_ios.framework */; };
		86583F3E1D93941500F56DE3 /* MovieCell.swift in Sources */ = {isa = PBXBuildFile; fileRef = 86583F3D1D93941500F56DE3 /* MovieCell.swift */; };
		86B8CE991D94F90800A929C8 /* DetailViewController.swift in Sources */ = {isa = PBXBuildFile; fileRef = 86B8CE981D94F90800A929C8 /* DetailViewController.swift */; };
		86C5BE261D924BD70020FA68 /* AppDelegate.swift in Sources */ = {isa = PBXBuildFile; fileRef = 86C5BE251D924BD70020FA68 /* AppDelegate.swift */; };
		86C5BE2B1D924BD70020FA68 /* Main.storyboard in Resources */ = {isa = PBXBuildFile; fileRef = 86C5BE291D924BD70020FA68 /* Main.storyboard */; };
		86C5BE2D1D924BD70020FA68 /* Assets.xcassets in Resources */ = {isa = PBXBuildFile; fileRef = 86C5BE2C1D924BD70020FA68 /* Assets.xcassets */; };
		86C5BE301D924BD70020FA68 /* LaunchScreen.storyboard in Resources */ = {isa = PBXBuildFile; fileRef = 86C5BE2E1D924BD70020FA68 /* LaunchScreen.storyboard */; };
		86C5BE381D924C3F0020FA68 /* MoviesViewController.swift in Sources */ = {isa = PBXBuildFile; fileRef = 86C5BE371D924C3F0020FA68 /* MoviesViewController.swift */; };
/* End PBXBuildFile section */

/* Begin PBXFileReference section */
		1B6E65169C3233D813A079F8 /* Pods-flix-ios.release.xcconfig */ = {isa = PBXFileReference; includeInIndex = 1; lastKnownFileType = text.xcconfig; name = "Pods-flix-ios.release.xcconfig"; path = "Pods/Target Support Files/Pods-flix-ios/Pods-flix-ios.release.xcconfig"; sourceTree = "<group>"; };
		65C96E107E83B24F7C0520C0 /* Pods_flix_ios.framework */ = {isa = PBXFileReference; explicitFileType = wrapper.framework; includeInIndex = 0; path = Pods_flix_ios.framework; sourceTree = BUILT_PRODUCTS_DIR; };
		86583F3D1D93941500F56DE3 /* MovieCell.swift */ = {isa = PBXFileReference; fileEncoding = 4; lastKnownFileType = sourcecode.swift; path = MovieCell.swift; sourceTree = "<group>"; };
		86B8CE981D94F90800A929C8 /* DetailViewController.swift */ = {isa = PBXFileReference; fileEncoding = 4; lastKnownFileType = sourcecode.swift; path = DetailViewController.swift; sourceTree = "<group>"; };
		86C5BE221D924BD70020FA68 /* flix-ios.app */ = {isa = PBXFileReference; explicitFileType = wrapper.application; includeInIndex = 0; path = "flix-ios.app"; sourceTree = BUILT_PRODUCTS_DIR; };
		86C5BE251D924BD70020FA68 /* AppDelegate.swift */ = {isa = PBXFileReference; lastKnownFileType = sourcecode.swift; path = AppDelegate.swift; sourceTree = "<group>"; };
		86C5BE2A1D924BD70020FA68 /* Base */ = {isa = PBXFileReference; lastKnownFileType = file.storyboard; name = Base; path = Base.lproj/Main.storyboard; sourceTree = "<group>"; };
		86C5BE2C1D924BD70020FA68 /* Assets.xcassets */ = {isa = PBXFileReference; lastKnownFileType = folder.assetcatalog; path = Assets.xcassets; sourceTree = "<group>"; };
		86C5BE2F1D924BD70020FA68 /* Base */ = {isa = PBXFileReference; lastKnownFileType = file.storyboard; name = Base; path = Base.lproj/LaunchScreen.storyboard; sourceTree = "<group>"; };
		86C5BE311D924BD70020FA68 /* Info.plist */ = {isa = PBXFileReference; lastKnownFileType = text.plist.xml; path = Info.plist; sourceTree = "<group>"; };
		86C5BE371D924C3F0020FA68 /* MoviesViewController.swift */ = {isa = PBXFileReference; fileEncoding = 4; lastKnownFileType = sourcecode.swift; path = MoviesViewController.swift; sourceTree = "<group>"; };
		A740DD1D39D4D29D115F8293 /* Pods-flix-ios.debug.xcconfig */ = {isa = PBXFileReference; includeInIndex = 1; lastKnownFileType = text.xcconfig; name = "Pods-flix-ios.debug.xcconfig"; path = "Pods/Target Support Files/Pods-flix-ios/Pods-flix-ios.debug.xcconfig"; sourceTree = "<group>"; };
/* End PBXFileReference section */

/* Begin PBXFrameworksBuildPhase section */
		86C5BE1F1D924BD70020FA68 /* Frameworks */ = {
			isa = PBXFrameworksBuildPhase;
			buildActionMask = 2147483647;
			files = (
				67376AF65C3216714CD590BB /* Pods_flix_ios.framework in Frameworks */,
			);
			runOnlyForDeploymentPostprocessing = 0;
		};
/* End PBXFrameworksBuildPhase section */

/* Begin PBXGroup section */
		016DD7F47B856526E0795F2C /* Pods */ = {
			isa = PBXGroup;
			children = (
				A740DD1D39D4D29D115F8293 /* Pods-flix-ios.debug.xcconfig */,
				1B6E65169C3233D813A079F8 /* Pods-flix-ios.release.xcconfig */,
			);
			name = Pods;
			sourceTree = "<group>";
		};
		86583F3C1D9393E800F56DE3 /* Views */ = {
			isa = PBXGroup;
			children = (
				86583F3D1D93941500F56DE3 /* MovieCell.swift */,
			);
			name = Views;
			sourceTree = "<group>";
		};
		86583F3F1D93943200F56DE3 /* Controllers */ = {
			isa = PBXGroup;
			children = (
				86C5BE371D924C3F0020FA68 /* MoviesViewController.swift */,
				86B8CE981D94F90800A929C8 /* DetailViewController.swift */,
			);
			name = Controllers;
			sourceTree = "<group>";
		};
		86C5BE191D924BD70020FA68 = {
			isa = PBXGroup;
			children = (
				86C5BE241D924BD70020FA68 /* flix-ios */,
				86C5BE231D924BD70020FA68 /* Products */,
				016DD7F47B856526E0795F2C /* Pods */,
				DF2EDF7D9E42CD53AA4E5702 /* Frameworks */,
			);
			sourceTree = "<group>";
		};
		86C5BE231D924BD70020FA68 /* Products */ = {
			isa = PBXGroup;
			children = (
				86C5BE221D924BD70020FA68 /* flix-ios.app */,
			);
			name = Products;
			sourceTree = "<group>";
		};
		86C5BE241D924BD70020FA68 /* flix-ios */ = {
			isa = PBXGroup;
			children = (
				86583F3F1D93943200F56DE3 /* Controllers */,
				86583F3C1D9393E800F56DE3 /* Views */,
				86C5BE251D924BD70020FA68 /* AppDelegate.swift */,
				86C5BE291D924BD70020FA68 /* Main.storyboard */,
				86C5BE2C1D924BD70020FA68 /* Assets.xcassets */,
				86C5BE2E1D924BD70020FA68 /* LaunchScreen.storyboard */,
				86C5BE311D924BD70020FA68 /* Info.plist */,
			);
			path = "flix-ios";
			sourceTree = "<group>";
		};
		DF2EDF7D9E42CD53AA4E5702 /* Frameworks */ = {
			isa = PBXGroup;
			children = (
				65C96E107E83B24F7C0520C0 /* Pods_flix_ios.framework */,
			);
			name = Frameworks;
			sourceTree = "<group>";
		};
/* End PBXGroup section */

/* Begin PBXNativeTarget section */
		86C5BE211D924BD70020FA68 /* flix-ios */ = {
			isa = PBXNativeTarget;
			buildConfigurationList = 86C5BE341D924BD70020FA68 /* Build configuration list for PBXNativeTarget "flix-ios" */;
			buildPhases = (
				CD1A8728583EAD686B02EC63 /* [CP] Check Pods Manifest.lock */,
				86C5BE1E1D924BD70020FA68 /* Sources */,
				86C5BE1F1D924BD70020FA68 /* Frameworks */,
				86C5BE201D924BD70020FA68 /* Resources */,
				74183348C8A2D5894A214EF2 /* [CP] Embed Pods Frameworks */,
				7C37D521843C354E871D935D /* [CP] Copy Pods Resources */,
			);
			buildRules = (
			);
			dependencies = (
			);
			name = "flix-ios";
			productName = "flix-ios";
			productReference = 86C5BE221D924BD70020FA68 /* flix-ios.app */;
			productType = "com.apple.product-type.application";
		};
/* End PBXNativeTarget section */

/* Begin PBXProject section */
		86C5BE1A1D924BD70020FA68 /* Project object */ = {
			isa = PBXProject;
			attributes = {
				LastSwiftUpdateCheck = 0730;
				LastUpgradeCheck = 0730;
				ORGANIZATIONNAME = zechariah;
				TargetAttributes = {
					86C5BE211D924BD70020FA68 = {
						CreatedOnToolsVersion = 7.3.1;
					};
				};
			};
			buildConfigurationList = 86C5BE1D1D924BD70020FA68 /* Build configuration list for PBXProject "flix-ios" */;
			compatibilityVersion = "Xcode 3.2";
			developmentRegion = English;
			hasScannedForEncodings = 0;
			knownRegions = (
				en,
				Base,
			);
			mainGroup = 86C5BE191D924BD70020FA68;
			productRefGroup = 86C5BE231D924BD70020FA68 /* Products */;
			projectDirPath = "";
			projectRoot = "";
			targets = (
				86C5BE211D924BD70020FA68 /* flix-ios */,
			);
		};
/* End PBXProject section */

/* Begin PBXResourcesBuildPhase section */
		86C5BE201D924BD70020FA68 /* Resources */ = {
			isa = PBXResourcesBuildPhase;
			buildActionMask = 2147483647;
			files = (
				86C5BE301D924BD70020FA68 /* LaunchScreen.storyboard in Resources */,
				86C5BE2D1D924BD70020FA68 /* Assets.xcassets in Resources */,
				86C5BE2B1D924BD70020FA68 /* Main.storyboard in Resources */,
			);
			runOnlyForDeploymentPostprocessing = 0;
		};
/* End PBXResourcesBuildPhase section */

/* Begin PBXShellScriptBuildPhase section */
		74183348C8A2D5894A214EF2 /* [CP] Embed Pods Frameworks */ = {
			isa = PBXShellScriptBuildPhase;
			buildActionMask = 2147483647;
			files = (
			);
			inputPaths = (
			);
			name = "[CP] Embed Pods Frameworks";
			outputPaths = (
			);
			runOnlyForDeploymentPostprocessing = 0;
			shellPath = /bin/sh;
			shellScript = "\"${SRCROOT}/Pods/Target Support Files/Pods-flix-ios/Pods-flix-ios-frameworks.sh\"\n";
			showEnvVarsInLog = 0;
		};
		7C37D521843C354E871D935D /* [CP] Copy Pods Resources */ = {
			isa = PBXShellScriptBuildPhase;
			buildActionMask = 2147483647;
			files = (
			);
			inputPaths = (
			);
			name = "[CP] Copy Pods Resources";
			outputPaths = (
			);
			runOnlyForDeploymentPostprocessing = 0;
			shellPath = /bin/sh;
			shellScript = "\"${SRCROOT}/Pods/Target Support Files/Pods-flix-ios/Pods-flix-ios-resources.sh\"\n";
			showEnvVarsInLog = 0;
		};
		CD1A8728583EAD686B02EC63 /* [CP] Check Pods Manifest.lock */ = {
			isa = PBXShellScriptBuildPhase;
			buildActionMask = 2147483647;
			files = (
			);
			inputPaths = (
			);
			name = "[CP] Check Pods Manifest.lock";
			outputPaths = (
			);
			runOnlyForDeploymentPostprocessing = 0;
			shellPath = /bin/sh;
			shellScript = "diff \"${PODS_ROOT}/../Podfile.lock\" \"${PODS_ROOT}/Manifest.lock\" > /dev/null\nif [[ $? != 0 ]] ; then\n    cat << EOM\nerror: The sandbox is not in sync with the Podfile.lock. Run 'pod install' or update your CocoaPods installation.\nEOM\n    exit 1\nfi\n";
			showEnvVarsInLog = 0;
		};
/* End PBXShellScriptBuildPhase section */

/* Begin PBXSourcesBuildPhase section */
		86C5BE1E1D924BD70020FA68 /* Sources */ = {
			isa = PBXSourcesBuildPhase;
			buildActionMask = 2147483647;
			files = (
				86C5BE261D924BD70020FA68 /* AppDelegate.swift in Sources */,
				86C5BE381D924C3F0020FA68 /* MoviesViewController.swift in Sources */,
				86583F3E1D93941500F56DE3 /* MovieCell.swift in Sources */,
				86B8CE991D94F90800A929C8 /* DetailViewController.swift in Sources */,
			);
			runOnlyForDeploymentPostprocessing = 0;
		};
/* End PBXSourcesBuildPhase section */

/* Begin PBXVariantGroup section */
		86C5BE291D924BD70020FA68 /* Main.storyboard */ = {
			isa = PBXVariantGroup;
			children = (
				86C5BE2A1D924BD70020FA68 /* Base */,
			);
			name = Main.storyboard;
			sourceTree = "<group>";
		};
		86C5BE2E1D924BD70020FA68 /* LaunchScreen.storyboard */ = {
			isa = PBXVariantGroup;
			children = (
				86C5BE2F1D924BD70020FA68 /* Base */,
			);
			name = LaunchScreen.storyboard;
			sourceTree = "<group>";
		};
/* End PBXVariantGroup section */

/* Begin XCBuildConfiguration section */
		86C5BE321D924BD70020FA68 /* Debug */ = {
			isa = XCBuildConfiguration;
			buildSettings = {
				ALWAYS_SEARCH_USER_PATHS = NO;
				CLANG_ANALYZER_NONNULL = YES;
				CLANG_CXX_LANGUAGE_STANDARD = "gnu++0x";
				CLANG_CXX_LIBRARY = "libc++";
				CLANG_ENABLE_MODULES = YES;
				CLANG_ENABLE_OBJC_ARC = YES;
				CLANG_WARN_BOOL_CONVERSION = YES;
				CLANG_WARN_CONSTANT_CONVERSION = YES;
				CLANG_WARN_DIRECT_OBJC_ISA_USAGE = YES_ERROR;
				CLANG_WARN_EMPTY_BODY = YES;
				CLANG_WARN_ENUM_CONVERSION = YES;
				CLANG_WARN_INT_CONVERSION = YES;
				CLANG_WARN_OBJC_ROOT_CLASS = YES_ERROR;
				CLANG_WARN_UNREACHABLE_CODE = YES;
				CLANG_WARN__DUPLICATE_METHOD_MATCH = YES;
				"CODE_SIGN_IDENTITY[sdk=iphoneos*]" = "iPhone Developer";
				COPY_PHASE_STRIP = NO;
				DEBUG_INFORMATION_FORMAT = dwarf;
				ENABLE_STRICT_OBJC_MSGSEND = YES;
				ENABLE_TESTABILITY = YES;
				GCC_C_LANGUAGE_STANDARD = gnu99;
				GCC_DYNAMIC_NO_PIC = NO;
				GCC_NO_COMMON_BLOCKS = YES;
				GCC_OPTIMIZATION_LEVEL = 0;
				GCC_PREPROCESSOR_DEFINITIONS = (
					"DEBUG=1",
					"$(inherited)",
				);
				GCC_WARN_64_TO_32_BIT_CONVERSION = YES;
				GCC_WARN_ABOUT_RETURN_TYPE = YES_ERROR;
				GCC_WARN_UNDECLARED_SELECTOR = YES;
				GCC_WARN_UNINITIALIZED_AUTOS = YES_AGGRESSIVE;
				GCC_WARN_UNUSED_FUNCTION = YES;
				GCC_WARN_UNUSED_VARIABLE = YES;
				IPHONEOS_DEPLOYMENT_TARGET = 9.3;
				MTL_ENABLE_DEBUG_INFO = YES;
				ONLY_ACTIVE_ARCH = YES;
				SDKROOT = iphoneos;
				SWIFT_OPTIMIZATION_LEVEL = "-Onone";
			};
			name = Debug;
		};
		86C5BE331D924BD70020FA68 /* Release */ = {
			isa = XCBuildConfiguration;
			buildSettings = {
				ALWAYS_SEARCH_USER_PATHS = NO;
				CLANG_ANALYZER_NONNULL = YES;
				CLANG_CXX_LANGUAGE_STANDARD = "gnu++0x";
				CLANG_CXX_LIBRARY = "libc++";
				CLANG_ENABLE_MODULES = YES;
				CLANG_ENABLE_OBJC_ARC = YES;
				CLANG_WARN_BOOL_CONVERSION = YES;
				CLANG_WARN_CONSTANT_CONVERSION = YES;
				CLANG_WARN_DIRECT_OBJC_ISA_USAGE = YES_ERROR;
				CLANG_WARN_EMPTY_BODY = YES;
				CLANG_WARN_ENUM_CONVERSION = YES;
				CLANG_WARN_INT_CONVERSION = YES;
				CLANG_WARN_OBJC_ROOT_CLASS = YES_ERROR;
				CLANG_WARN_UNREACHABLE_CODE = YES;
				CLANG_WARN__DUPLICATE_METHOD_MATCH = YES;
				"CODE_SIGN_IDENTITY[sdk=iphoneos*]" = "iPhone Developer";
				COPY_PHASE_STRIP = NO;
				DEBUG_INFORMATION_FORMAT = "dwarf-with-dsym";
				ENABLE_NS_ASSERTIONS = NO;
				ENABLE_STRICT_OBJC_MSGSEND = YES;
				GCC_C_LANGUAGE_STANDARD = gnu99;
				GCC_NO_COMMON_BLOCKS = YES;
				GCC_WARN_64_TO_32_BIT_CONVERSION = YES;
				GCC_WARN_ABOUT_RETURN_TYPE = YES_ERROR;
				GCC_WARN_UNDECLARED_SELECTOR = YES;
				GCC_WARN_UNINITIALIZED_AUTOS = YES_AGGRESSIVE;
				GCC_WARN_UNUSED_FUNCTION = YES;
				GCC_WARN_UNUSED_VARIABLE = YES;
				IPHONEOS_DEPLOYMENT_TARGET = 9.3;
				MTL_ENABLE_DEBUG_INFO = NO;
				SDKROOT = iphoneos;
				VALIDATE_PRODUCT = YES;
			};
			name = Release;
		};
		86C5BE351D924BD70020FA68 /* Debug */ = {
			isa = XCBuildConfiguration;
			baseConfigurationReference = A740DD1D39D4D29D115F8293 /* Pods-flix-ios.debug.xcconfig */;
			buildSettings = {
				ASSETCATALOG_COMPILER_APPICON_NAME = AppIcon;
				INFOPLIST_FILE = "flix-ios/Info.plist";
				LD_RUNPATH_SEARCH_PATHS = "$(inherited) @executable_path/Frameworks";
				PRODUCT_BUNDLE_IDENTIFIER = "me.zechariah.flix-ios";
				PRODUCT_NAME = "$(TARGET_NAME)";
			};
			name = Debug;
		};
		86C5BE361D924BD70020FA68 /* Release */ = {
			isa = XCBuildConfiguration;
			baseConfigurationReference = 1B6E65169C3233D813A079F8 /* Pods-flix-ios.release.xcconfig */;
			buildSettings = {
				ASSETCATALOG_COMPILER_APPICON_NAME = AppIcon;
				INFOPLIST_FILE = "flix-ios/Info.plist";
				LD_RUNPATH_SEARCH_PATHS = "$(inherited) @executable_path/Frameworks";
				PRODUCT_BUNDLE_IDENTIFIER = "me.zechariah.flix-ios";
				PRODUCT_NAME = "$(TARGET_NAME)";
			};
			name = Release;
		};
/* End XCBuildConfiguration section */

/* Begin XCConfigurationList section */
		86C5BE1D1D924BD70020FA68 /* Build configuration list for PBXProject "flix-ios" */ = {
			isa = XCConfigurationList;
			buildConfigurations = (
				86C5BE321D924BD70020FA68 /* Debug */,
				86C5BE331D924BD70020FA68 /* Release */,
			);
			defaultConfigurationIsVisible = 0;
			defaultConfigurationName = Release;
		};
		86C5BE341D924BD70020FA68 /* Build configuration list for PBXNativeTarget "flix-ios" */ = {
			isa = XCConfigurationList;
			buildConfigurations = (
				86C5BE351D924BD70020FA68 /* Debug */,
				86C5BE361D924BD70020FA68 /* Release */,
			);
			defaultConfigurationIsVisible = 0;
			defaultConfigurationName = Release;
		};
/* End XCConfigurationList section */
	};
	rootObject = 86C5BE1A1D924BD70020FA68 /* Project object */;
}
